
Microsoft Visual Studio Solution File, Format Version 12.00
# Visual Studio Version 16
VisualStudioVersion = 16.0.29509.3
MinimumVisualStudioVersion = 10.0.40219.1
Project("{FAE04EC0-301F-11D3-BF4B-00C04F79EFBC}") = "TcpNet", "TcpNet.csproj", "{A52E8AC5-2B3D-4518-8E52-D2BB688A66D8}"
EndProject
Project("{FAE04EC0-301F-11D3-BF4B-00C04F79EFBC}") = "client", "client\client.csproj", "{C17CA525-0F2A-4F5E-9C93-42E6D2250C56}"
EndProject
Project("{FAE04EC0-301F-11D3-BF4B-00C04F79EFBC}") = "server", "server\server.csproj", "{8A524F91-29B3-41D6-A4AC-839AD28B6D67}"
EndProject
Project("{FAE04EC0-301F-11D3-BF4B-00C04F79EFBC}") = "TcpClient", "TcpClient\TcpClient\TcpClient.csproj", "{69F8BCB5-3852-49C4-9821-BC4F837F7D98}"
EndProject
Global
	GlobalSection(SolutionConfigurationPlatforms) = preSolution
		Debug|Any CPU = Debug|Any CPU
		Release|Any CPU = Release|Any CPU
	EndGlobalSection
	GlobalSection(ProjectConfigurationPlatforms) = postSolution
		{A52E8AC5-2B3D-4518-8E52-D2BB688A66D8}.Debug|Any CPU.ActiveCfg = Debug|Any CPU
		{A52E8AC5-2B3D-4518-8E52-D2BB688A66D8}.Debug|Any CPU.Build.0 = Debug|Any CPU
		{A52E8AC5-2B3D-4518-8E52-D2BB688A66D8}.Release|Any CPU.ActiveCfg = Release|Any CPU
		{A52E8AC5-2B3D-4518-8E52-D2BB688A66D8}.Release|Any CPU.Build.0 = Release|Any CPU
		{C17CA525-0F2A-4F5E-9C93-42E6D2250C56}.Debug|Any CPU.ActiveCfg = Debug|Any CPU
		{C17CA525-0F2A-4F5E-9C93-42E6D2250C56}.Debug|Any CPU.Build.0 = Debug|Any CPU
		{C17CA525-0F2A-4F5E-9C93-42E6D2250C56}.Release|Any CPU.ActiveCfg = Release|Any CPU
		{C17CA525-0F2A-4F5E-9C93-42E6D2250C56}.Release|Any CPU.Build.0 = Release|Any CPU
		{8A524F91-29B3-41D6-A4AC-839AD28B6D67}.Debug|Any CPU.ActiveCfg = Debug|Any CPU
		{8A524F91-29B3-41D6-A4AC-839AD28B6D67}.Debug|Any CPU.Build.0 = Debug|Any CPU
		{8A524F91-29B3-41D6-A4AC-839AD28B6D67}.Release|Any CPU.ActiveCfg = Release|Any CPU
		{8A524F91-29B3-41D6-A4AC-839AD28B6D67}.Release|Any CPU.Build.0 = Release|Any CPU
		{69F8BCB5-3852-49C4-9821-BC4F837F7D98}.Debug|Any CPU.ActiveCfg = Debug|Any CPU
		{69F8BCB5-3852-49C4-9821-BC4F837F7D98}.Debug|Any CPU.Build.0 = Debug|Any CPU
		{69F8BCB5-3852-49C4-9821-BC4F837F7D98}.Release|Any CPU.ActiveCfg = Release|Any CPU
		{69F8BCB5-3852-49C4-9821-BC4F837F7D98}.Release|Any CPU.Build.0 = Release|Any CPU
	EndGlobalSection
	GlobalSection(SolutionProperties) = preSolution
		HideSolutionNode = FALSE
	EndGlobalSection
	GlobalSection(ExtensibilityGlobals) = postSolution
		SolutionGuid = {41B08888-9128-4B1A-A9B7-BDE1909854C9}
	EndGlobalSection
EndGlobal
